
Microsoft Visual Studio Solution File, Format Version 12.00
# Visual Studio Version 17
VisualStudioVersion = 17.7.34221.43
MinimumVisualStudioVersion = 10.0.40219.1
Project("{FAE04EC0-301F-11D3-BF4B-00C04F79EFBC}") = "Check_for_unused_images", "Check_for_unused_images.csproj", "{95DF7386-CAE9-448C-A12E-4A82E0A6B615}"
EndProject
Global
	GlobalSection(SolutionConfigurationPlatforms) = preSolution
		Debug|Any CPU = Debug|Any CPU
		Release|Any CPU = Release|Any CPU
	EndGlobalSection
	GlobalSection(ProjectConfigurationPlatforms) = postSolution
		{95DF7386-CAE9-448C-A12E-4A82E0A6B615}.Debug|Any CPU.ActiveCfg = Debug|Any CPU
		{95DF7386-CAE9-448C-A12E-4A82E0A6B615}.Debug|Any CPU.Build.0 = Debug|Any CPU
		{95DF7386-CAE9-448C-A12E-4A82E0A6B615}.Release|Any CPU.ActiveCfg = Release|Any CPU
		{95DF7386-CAE9-448C-A12E-4A82E0A6B615}.Release|Any CPU.Build.0 = Release|Any CPU
	EndGlobalSection
	GlobalSection(SolutionProperties) = preSolution
		HideSolutionNode = FALSE
	EndGlobalSection
	GlobalSection(ExtensibilityGlobals) = postSolution
		SolutionGuid = {F7909F43-D14B-4CF0-B178-F7EDC00547C4}
	EndGlobalSection
EndGlobal
